// !$*UTF8*$!
{
	archiveVersion = 1;
	classes = {
	};
	objectVersion = 46;
	objects = {

/* Begin PBXBuildFile section */
		E7549EE519875D6A00B84730 /* JFNavTabVC.m in Sources */ = {isa = PBXBuildFile; fileRef = E7549EE419875D6A00B84730 /* JFNavTabVC.m */; };
		E7549EED19877B7B00B84730 /* map_on.png in Resources */ = {isa = PBXBuildFile; fileRef = E7549EE719877B7B00B84730 /* map_on.png */; };
		E7549EEE19877B7B00B84730 /* map_off.png in Resources */ = {isa = PBXBuildFile; fileRef = E7549EE819877B7B00B84730 /* map_off.png */; };
		E7549EEF19877B7B00B84730 /* Logo.png in Resources */ = {isa = PBXBuildFile; fileRef = E7549EE919877B7B00B84730 /* Logo.png */; };
		E7549EF019877B7B00B84730 /* compass_on.png in Resources */ = {isa = PBXBuildFile; fileRef = E7549EEA19877B7B00B84730 /* compass_on.png */; };
		E7549EF119877B7B00B84730 /* compass_off.png in Resources */ = {isa = PBXBuildFile; fileRef = E7549EEB19877B7B00B84730 /* compass_off.png */; };
		E7549EF219877B7B00B84730 /* bg.png in Resources */ = {isa = PBXBuildFile; fileRef = E7549EEC19877B7B00B84730 /* bg.png */; };
		E77D416719844A820099C789 /* Foundation.framework in Frameworks */ = {isa = PBXBuildFile; fileRef = E77D416619844A820099C789 /* Foundation.framework */; };
		E77D416919844A820099C789 /* CoreGraphics.framework in Frameworks */ = {isa = PBXBuildFile; fileRef = E77D416819844A820099C789 /* CoreGraphics.framework */; };
		E77D416B19844A820099C789 /* UIKit.framework in Frameworks */ = {isa = PBXBuildFile; fileRef = E77D416A19844A820099C789 /* UIKit.framework */; };
		E77D417119844A820099C789 /* InfoPlist.strings in Resources */ = {isa = PBXBuildFile; fileRef = E77D416F19844A820099C789 /* InfoPlist.strings */; };
		E77D417319844A820099C789 /* main.m in Sources */ = {isa = PBXBuildFile; fileRef = E77D417219844A820099C789 /* main.m */; };
		E77D417719844A820099C789 /* JFAppDelegate.m in Sources */ = {isa = PBXBuildFile; fileRef = E77D417619844A820099C789 /* JFAppDelegate.m */; };
		E77D417A19844A820099C789 /* Main.storyboard in Resources */ = {isa = PBXBuildFile; fileRef = E77D417819844A820099C789 /* Main.storyboard */; };
		E77D417D19844A820099C789 /* JFViewController.m in Sources */ = {isa = PBXBuildFile; fileRef = E77D417C19844A820099C789 /* JFViewController.m */; };
		E77D417F19844A820099C789 /* Images.xcassets in Resources */ = {isa = PBXBuildFile; fileRef = E77D417E19844A820099C789 /* Images.xcassets */; };
		E77D418619844A820099C789 /* XCTest.framework in Frameworks */ = {isa = PBXBuildFile; fileRef = E77D418519844A820099C789 /* XCTest.framework */; };
		E77D418719844A820099C789 /* Foundation.framework in Frameworks */ = {isa = PBXBuildFile; fileRef = E77D416619844A820099C789 /* Foundation.framework */; };
		E77D418819844A820099C789 /* UIKit.framework in Frameworks */ = {isa = PBXBuildFile; fileRef = E77D416A19844A820099C789 /* UIKit.framework */; };
		E77D419019844A820099C789 /* InfoPlist.strings in Resources */ = {isa = PBXBuildFile; fileRef = E77D418E19844A820099C789 /* InfoPlist.strings */; };
		E77D419219844A820099C789 /* outsideMotionTests.m in Sources */ = {isa = PBXBuildFile; fileRef = E77D419119844A820099C789 /* outsideMotionTests.m */; };
		E77D419C19844B0D0099C789 /* CoreMotion.framework in Frameworks */ = {isa = PBXBuildFile; fileRef = E77D419B19844B0D0099C789 /* CoreMotion.framework */; };
		E78B9D591985510A000291FD /* CoreLocation.framework in Frameworks */ = {isa = PBXBuildFile; fileRef = E78B9D581985510A000291FD /* CoreLocation.framework */; };
		E78B9D5C19859A44000291FD /* tree.png in Resources */ = {isa = PBXBuildFile; fileRef = E78B9D5A19859A44000291FD /* tree.png */; };
		E78B9D5D19859A44000291FD /* betterBack.png in Resources */ = {isa = PBXBuildFile; fileRef = E78B9D5B19859A44000291FD /* betterBack.png */; };
		E78B9D5F19859C9A000291FD /* finalbg.png in Resources */ = {isa = PBXBuildFile; fileRef = E78B9D5E19859C9A000291FD /* finalbg.png */; };
		E7E4F68B1984C7BD00759733 /* JFDanceMapVC.m in Sources */ = {isa = PBXBuildFile; fileRef = E7E4F68A1984C7BD00759733 /* JFDanceMapVC.m */; };
		E7E4F6911984CECA00759733 /* JFDanceCompassVC.m in Sources */ = {isa = PBXBuildFile; fileRef = E7E4F6901984CECA00759733 /* JFDanceCompassVC.m */; };
		E7E4F6931984D30900759733 /* QuartzCore.framework in Frameworks */ = {isa = PBXBuildFile; fileRef = E7E4F6921984D30900759733 /* QuartzCore.framework */; };
		E7E4F69519852EAA00759733 /* compass.png in Resources */ = {isa = PBXBuildFile; fileRef = E7E4F69419852EAA00759733 /* compass.png */; };
		E7E4F697198531C000759733 /* tree.jpg in Resources */ = {isa = PBXBuildFile; fileRef = E7E4F696198531C000759733 /* tree.jpg */; };
		E7E4F69B198549C900759733 /* dcbg.png in Resources */ = {isa = PBXBuildFile; fileRef = E7E4F69A198549C900759733 /* dcbg.png */; };
/* End PBXBuildFile section */

/* Begin PBXContainerItemProxy section */
		E77D418919844A820099C789 /* PBXContainerItemProxy */ = {
			isa = PBXContainerItemProxy;
			containerPortal = E77D415B19844A820099C789 /* Project object */;
			proxyType = 1;
			remoteGlobalIDString = E77D416219844A820099C789;
			remoteInfo = outsideMotion;
		};
/* End PBXContainerItemProxy section */

/* Begin PBXFileReference section */
		E7549EE319875D6A00B84730 /* JFNavTabVC.h */ = {isa = PBXFileReference; fileEncoding = 4; lastKnownFileType = sourcecode.c.h; path = JFNavTabVC.h; sourceTree = "<group>"; };
		E7549EE419875D6A00B84730 /* JFNavTabVC.m */ = {isa = PBXFileReference; fileEncoding = 4; lastKnownFileType = sourcecode.c.objc; path = JFNavTabVC.m; sourceTree = "<group>"; };
		E7549EE719877B7B00B84730 /* map_on.png */ = {isa = PBXFileReference; lastKnownFileType = image.png; path = map_on.png; sourceTree = "<group>"; };
		E7549EE819877B7B00B84730 /* map_off.png */ = {isa = PBXFileReference; lastKnownFileType = image.png; path = map_off.png; sourceTree = "<group>"; };
		E7549EE919877B7B00B84730 /* Logo.png */ = {isa = PBXFileReference; lastKnownFileType = image.png; path = Logo.png; sourceTree = "<group>"; };
		E7549EEA19877B7B00B84730 /* compass_on.png */ = {isa = PBXFileReference; lastKnownFileType = image.png; path = compass_on.png; sourceTree = "<group>"; };
		E7549EEB19877B7B00B84730 /* compass_off.png */ = {isa = PBXFileReference; lastKnownFileType = image.png; path = compass_off.png; sourceTree = "<group>"; };
		E7549EEC19877B7B00B84730 /* bg.png */ = {isa = PBXFileReference; lastKnownFileType = image.png; path = bg.png; sourceTree = "<group>"; };
		E77D416319844A820099C789 /* outsideMotion.app */ = {isa = PBXFileReference; explicitFileType = wrapper.application; includeInIndex = 0; path = outsideMotion.app; sourceTree = BUILT_PRODUCTS_DIR; };
		E77D416619844A820099C789 /* Foundation.framework */ = {isa = PBXFileReference; lastKnownFileType = wrapper.framework; name = Foundation.framework; path = System/Library/Frameworks/Foundation.framework; sourceTree = SDKROOT; };
		E77D416819844A820099C789 /* CoreGraphics.framework */ = {isa = PBXFileReference; lastKnownFileType = wrapper.framework; name = CoreGraphics.framework; path = System/Library/Frameworks/CoreGraphics.framework; sourceTree = SDKROOT; };
		E77D416A19844A820099C789 /* UIKit.framework */ = {isa = PBXFileReference; lastKnownFileType = wrapper.framework; name = UIKit.framework; path = System/Library/Frameworks/UIKit.framework; sourceTree = SDKROOT; };
		E77D416E19844A820099C789 /* outsideMotion-Info.plist */ = {isa = PBXFileReference; lastKnownFileType = text.plist.xml; path = "outsideMotion-Info.plist"; sourceTree = "<group>"; };
		E77D417019844A820099C789 /* en */ = {isa = PBXFileReference; lastKnownFileType = text.plist.strings; name = en; path = en.lproj/InfoPlist.strings; sourceTree = "<group>"; };
		E77D417219844A820099C789 /* main.m */ = {isa = PBXFileReference; lastKnownFileType = sourcecode.c.objc; path = main.m; sourceTree = "<group>"; };
		E77D417419844A820099C789 /* outsideMotion-Prefix.pch */ = {isa = PBXFileReference; lastKnownFileType = sourcecode.c.h; path = "outsideMotion-Prefix.pch"; sourceTree = "<group>"; };
		E77D417519844A820099C789 /* JFAppDelegate.h */ = {isa = PBXFileReference; lastKnownFileType = sourcecode.c.h; path = JFAppDelegate.h; sourceTree = "<group>"; };
		E77D417619844A820099C789 /* JFAppDelegate.m */ = {isa = PBXFileReference; lastKnownFileType = sourcecode.c.objc; path = JFAppDelegate.m; sourceTree = "<group>"; };
		E77D417919844A820099C789 /* Base */ = {isa = PBXFileReference; lastKnownFileType = file.storyboard; name = Base; path = Base.lproj/Main.storyboard; sourceTree = "<group>"; };
		E77D417B19844A820099C789 /* JFViewController.h */ = {isa = PBXFileReference; lastKnownFileType = sourcecode.c.h; path = JFViewController.h; sourceTree = "<group>"; };
		E77D417C19844A820099C789 /* JFViewController.m */ = {isa = PBXFileReference; lastKnownFileType = sourcecode.c.objc; path = JFViewController.m; sourceTree = "<group>"; };
		E77D417E19844A820099C789 /* Images.xcassets */ = {isa = PBXFileReference; lastKnownFileType = folder.assetcatalog; path = Images.xcassets; sourceTree = "<group>"; };
		E77D418419844A820099C789 /* outsideMotionTests.xctest */ = {isa = PBXFileReference; explicitFileType = wrapper.cfbundle; includeInIndex = 0; path = outsideMotionTests.xctest; sourceTree = BUILT_PRODUCTS_DIR; };
		E77D418519844A820099C789 /* XCTest.framework */ = {isa = PBXFileReference; lastKnownFileType = wrapper.framework; name = XCTest.framework; path = Library/Frameworks/XCTest.framework; sourceTree = DEVELOPER_DIR; };
		E77D418D19844A820099C789 /* outsideMotionTests-Info.plist */ = {isa = PBXFileReference; lastKnownFileType = text.plist.xml; path = "outsideMotionTests-Info.plist"; sourceTree = "<group>"; };
		E77D418F19844A820099C789 /* en */ = {isa = PBXFileReference; lastKnownFileType = text.plist.strings; name = en; path = en.lproj/InfoPlist.strings; sourceTree = "<group>"; };
		E77D419119844A820099C789 /* outsideMotionTests.m */ = {isa = PBXFileReference; lastKnownFileType = sourcecode.c.objc; path = outsideMotionTests.m; sourceTree = "<group>"; };
		E77D419B19844B0D0099C789 /* CoreMotion.framework */ = {isa = PBXFileReference; lastKnownFileType = wrapper.framework; name = CoreMotion.framework; path = System/Library/Frameworks/CoreMotion.framework; sourceTree = SDKROOT; };
		E78B9D581985510A000291FD /* CoreLocation.framework */ = {isa = PBXFileReference; lastKnownFileType = wrapper.framework; name = CoreLocation.framework; path = System/Library/Frameworks/CoreLocation.framework; sourceTree = SDKROOT; };
		E78B9D5A19859A44000291FD /* tree.png */ = {isa = PBXFileReference; lastKnownFileType = image.png; path = tree.png; sourceTree = "<group>"; };
		E78B9D5B19859A44000291FD /* betterBack.png */ = {isa = PBXFileReference; lastKnownFileType = image.png; path = betterBack.png; sourceTree = "<group>"; };
		E78B9D5E19859C9A000291FD /* finalbg.png */ = {isa = PBXFileReference; lastKnownFileType = image.png; path = finalbg.png; sourceTree = "<group>"; };
		E7E4F6891984C7BD00759733 /* JFDanceMapVC.h */ = {isa = PBXFileReference; fileEncoding = 4; lastKnownFileType = sourcecode.c.h; path = JFDanceMapVC.h; sourceTree = "<group>"; };
		E7E4F68A1984C7BD00759733 /* JFDanceMapVC.m */ = {isa = PBXFileReference; fileEncoding = 4; lastKnownFileType = sourcecode.c.objc; path = JFDanceMapVC.m; sourceTree = "<group>"; };
		E7E4F68F1984CECA00759733 /* JFDanceCompassVC.h */ = {isa = PBXFileReference; fileEncoding = 4; lastKnownFileType = sourcecode.c.h; path = JFDanceCompassVC.h; sourceTree = "<group>"; };
		E7E4F6901984CECA00759733 /* JFDanceCompassVC.m */ = {isa = PBXFileReference; fileEncoding = 4; lastKnownFileType = sourcecode.c.objc; path = JFDanceCompassVC.m; sourceTree = "<group>"; };
		E7E4F6921984D30900759733 /* QuartzCore.framework */ = {isa = PBXFileReference; lastKnownFileType = wrapper.framework; name = QuartzCore.framework; path = System/Library/Frameworks/QuartzCore.framework; sourceTree = SDKROOT; };
		E7E4F69419852EAA00759733 /* compass.png */ = {isa = PBXFileReference; lastKnownFileType = image.png; path = compass.png; sourceTree = "<group>"; };
		E7E4F696198531C000759733 /* tree.jpg */ = {isa = PBXFileReference; lastKnownFileType = image.jpeg; path = tree.jpg; sourceTree = "<group>"; };
		E7E4F69A198549C900759733 /* dcbg.png */ = {isa = PBXFileReference; lastKnownFileType = image.png; path = dcbg.png; sourceTree = "<group>"; };
/* End PBXFileReference section */

/* Begin PBXFrameworksBuildPhase section */
		E77D416019844A820099C789 /* Frameworks */ = {
			isa = PBXFrameworksBuildPhase;
			buildActionMask = 2147483647;
			files = (
				E78B9D591985510A000291FD /* CoreLocation.framework in Frameworks */,
				E7E4F6931984D30900759733 /* QuartzCore.framework in Frameworks */,
				E77D419C19844B0D0099C789 /* CoreMotion.framework in Frameworks */,
				E77D416919844A820099C789 /* CoreGraphics.framework in Frameworks */,
				E77D416B19844A820099C789 /* UIKit.framework in Frameworks */,
				E77D416719844A820099C789 /* Foundation.framework in Frameworks */,
			);
			runOnlyForDeploymentPostprocessing = 0;
		};
		E77D418119844A820099C789 /* Frameworks */ = {
			isa = PBXFrameworksBuildPhase;
			buildActionMask = 2147483647;
			files = (
				E77D418619844A820099C789 /* XCTest.framework in Frameworks */,
				E77D418819844A820099C789 /* UIKit.framework in Frameworks */,
				E77D418719844A820099C789 /* Foundation.framework in Frameworks */,
			);
			runOnlyForDeploymentPostprocessing = 0;
		};
/* End PBXFrameworksBuildPhase section */

/* Begin PBXGroup section */
		E7549EE619877B7200B84730 /* new assets */ = {
			isa = PBXGroup;
			children = (
				E7549EE719877B7B00B84730 /* map_on.png */,
				E7549EE819877B7B00B84730 /* map_off.png */,
				E7549EE919877B7B00B84730 /* Logo.png */,
				E7549EEA19877B7B00B84730 /* compass_on.png */,
				E7549EEB19877B7B00B84730 /* compass_off.png */,
				E7549EEC19877B7B00B84730 /* bg.png */,
			);
			name = "new assets";
			sourceTree = "<group>";
		};
		E77D415A19844A820099C789 = {
			isa = PBXGroup;
			children = (
				E7549EE619877B7200B84730 /* new assets */,
				E78B9D5E19859C9A000291FD /* finalbg.png */,
				E78B9D5A19859A44000291FD /* tree.png */,
				E78B9D5B19859A44000291FD /* betterBack.png */,
				E7E4F69A198549C900759733 /* dcbg.png */,
				E7E4F696198531C000759733 /* tree.jpg */,
				E77D416C19844A820099C789 /* outsideMotion */,
				E77D418B19844A820099C789 /* outsideMotionTests */,
				E77D416519844A820099C789 /* Frameworks */,
				E77D416419844A820099C789 /* Products */,
			);
			sourceTree = "<group>";
		};
		E77D416419844A820099C789 /* Products */ = {
			isa = PBXGroup;
			children = (
				E77D416319844A820099C789 /* outsideMotion.app */,
				E77D418419844A820099C789 /* outsideMotionTests.xctest */,
			);
			name = Products;
			sourceTree = "<group>";
		};
		E77D416519844A820099C789 /* Frameworks */ = {
			isa = PBXGroup;
			children = (
				E78B9D581985510A000291FD /* CoreLocation.framework */,
				E7E4F6921984D30900759733 /* QuartzCore.framework */,
				E77D419B19844B0D0099C789 /* CoreMotion.framework */,
				E77D416619844A820099C789 /* Foundation.framework */,
				E77D416819844A820099C789 /* CoreGraphics.framework */,
				E77D416A19844A820099C789 /* UIKit.framework */,
				E77D418519844A820099C789 /* XCTest.framework */,
			);
			name = Frameworks;
			sourceTree = "<group>";
		};
		E77D416C19844A820099C789 /* outsideMotion */ = {
			isa = PBXGroup;
			children = (
				E7E4F69419852EAA00759733 /* compass.png */,
				E77D417519844A820099C789 /* JFAppDelegate.h */,
				E77D417619844A820099C789 /* JFAppDelegate.m */,
				E77D417819844A820099C789 /* Main.storyboard */,
				E7E4F68C1984CEA700759733 /* vc */,
				E77D417E19844A820099C789 /* Images.xcassets */,
				E77D416D19844A820099C789 /* Supporting Files */,
			);
			path = outsideMotion;
			sourceTree = "<group>";
		};
		E77D416D19844A820099C789 /* Supporting Files */ = {
			isa = PBXGroup;
			children = (
				E77D416E19844A820099C789 /* outsideMotion-Info.plist */,
				E77D416F19844A820099C789 /* InfoPlist.strings */,
				E77D417219844A820099C789 /* main.m */,
				E77D417419844A820099C789 /* outsideMotion-Prefix.pch */,
			);
			name = "Supporting Files";
			sourceTree = "<group>";
		};
		E77D418B19844A820099C789 /* outsideMotionTests */ = {
			isa = PBXGroup;
			children = (
				E77D419119844A820099C789 /* outsideMotionTests.m */,
				E77D418C19844A820099C789 /* Supporting Files */,
			);
			path = outsideMotionTests;
			sourceTree = "<group>";
		};
		E77D418C19844A820099C789 /* Supporting Files */ = {
			isa = PBXGroup;
			children = (
				E77D418D19844A820099C789 /* outsideMotionTests-Info.plist */,
				E77D418E19844A820099C789 /* InfoPlist.strings */,
			);
			name = "Supporting Files";
			sourceTree = "<group>";
		};
		E7E4F68C1984CEA700759733 /* vc */ = {
			isa = PBXGroup;
			children = (
				E77D417B19844A820099C789 /* JFViewController.h */,
				E77D417C19844A820099C789 /* JFViewController.m */,
				E7E4F68E1984CEB800759733 /* compass */,
				E7E4F68D1984CEB300759733 /* map */,
				E7549EE319875D6A00B84730 /* JFNavTabVC.h */,
				E7549EE419875D6A00B84730 /* JFNavTabVC.m */,
			);
			name = vc;
			sourceTree = "<group>";
		};
		E7E4F68D1984CEB300759733 /* map */ = {
			isa = PBXGroup;
			children = (
				E7E4F6891984C7BD00759733 /* JFDanceMapVC.h */,
				E7E4F68A1984C7BD00759733 /* JFDanceMapVC.m */,
			);
			name = map;
			sourceTree = "<group>";
		};
		E7E4F68E1984CEB800759733 /* compass */ = {
			isa = PBXGroup;
			children = (
				E7E4F68F1984CECA00759733 /* JFDanceCompassVC.h */,
				E7E4F6901984CECA00759733 /* JFDanceCompassVC.m */,
			);
			name = compass;
			sourceTree = "<group>";
		};
/* End PBXGroup section */

/* Begin PBXNativeTarget section */
		E77D416219844A820099C789 /* outsideMotion */ = {
			isa = PBXNativeTarget;
			buildConfigurationList = E77D419519844A820099C789 /* Build configuration list for PBXNativeTarget "outsideMotion" */;
			buildPhases = (
				E77D415F19844A820099C789 /* Sources */,
				E77D416019844A820099C789 /* Frameworks */,
				E77D416119844A820099C789 /* Resources */,
			);
			buildRules = (
			);
			dependencies = (
			);
			name = outsideMotion;
			productName = outsideMotion;
			productReference = E77D416319844A820099C789 /* outsideMotion.app */;
			productType = "com.apple.product-type.application";
		};
		E77D418319844A820099C789 /* outsideMotionTests */ = {
			isa = PBXNativeTarget;
			buildConfigurationList = E77D419819844A820099C789 /* Build configuration list for PBXNativeTarget "outsideMotionTests" */;
			buildPhases = (
				E77D418019844A820099C789 /* Sources */,
				E77D418119844A820099C789 /* Frameworks */,
				E77D418219844A820099C789 /* Resources */,
			);
			buildRules = (
			);
			dependencies = (
				E77D418A19844A820099C789 /* PBXTargetDependency */,
			);
			name = outsideMotionTests;
			productName = outsideMotionTests;
			productReference = E77D418419844A820099C789 /* outsideMotionTests.xctest */;
			productType = "com.apple.product-type.bundle.unit-test";
		};
/* End PBXNativeTarget section */

/* Begin PBXProject section */
		E77D415B19844A820099C789 /* Project object */ = {
			isa = PBXProject;
			attributes = {
				CLASSPREFIX = JF;
				LastUpgradeCheck = 0510;
				ORGANIZATIONNAME = "Jared Fishman";
				TargetAttributes = {
					E77D418319844A820099C789 = {
						TestTargetID = E77D416219844A820099C789;
					};
				};
			};
			buildConfigurationList = E77D415E19844A820099C789 /* Build configuration list for PBXProject "outsideMotion" */;
			compatibilityVersion = "Xcode 3.2";
			developmentRegion = English;
			hasScannedForEncodings = 0;
			knownRegions = (
				en,
				Base,
			);
			mainGroup = E77D415A19844A820099C789;
			productRefGroup = E77D416419844A820099C789 /* Products */;
			projectDirPath = "";
			projectRoot = "";
			targets = (
				E77D416219844A820099C789 /* outsideMotion */,
				E77D418319844A820099C789 /* outsideMotionTests */,
			);
		};
/* End PBXProject section */

/* Begin PBXResourcesBuildPhase section */
		E77D416119844A820099C789 /* Resources */ = {
			isa = PBXResourcesBuildPhase;
			buildActionMask = 2147483647;
			files = (
				E7549EF119877B7B00B84730 /* compass_off.png in Resources */,
				E7549EEF19877B7B00B84730 /* Logo.png in Resources */,
				E77D417F19844A820099C789 /* Images.xcassets in Resources */,
				E7549EED19877B7B00B84730 /* map_on.png in Resources */,
				E7E4F69519852EAA00759733 /* compass.png in Resources */,
				E7549EF219877B7B00B84730 /* bg.png in Resources */,
				E7E4F69B198549C900759733 /* dcbg.png in Resources */,
				E77D417119844A820099C789 /* InfoPlist.strings in Resources */,
				E78B9D5D19859A44000291FD /* betterBack.png in Resources */,
				E78B9D5F19859C9A000291FD /* finalbg.png in Resources */,
				E7549EEE19877B7B00B84730 /* map_off.png in Resources */,
				E77D417A19844A820099C789 /* Main.storyboard in Resources */,
				E7549EF019877B7B00B84730 /* compass_on.png in Resources */,
				E7E4F697198531C000759733 /* tree.jpg in Resources */,
				E78B9D5C19859A44000291FD /* tree.png in Resources */,
			);
			runOnlyForDeploymentPostprocessing = 0;
		};
		E77D418219844A820099C789 /* Resources */ = {
			isa = PBXResourcesBuildPhase;
			buildActionMask = 2147483647;
			files = (
				E77D419019844A820099C789 /* InfoPlist.strings in Resources */,
			);
			runOnlyForDeploymentPostprocessing = 0;
		};
/* End PBXResourcesBuildPhase section */

/* Begin PBXSourcesBuildPhase section */
		E77D415F19844A820099C789 /* Sources */ = {
			isa = PBXSourcesBuildPhase;
			buildActionMask = 2147483647;
			files = (
				E7549EE519875D6A00B84730 /* JFNavTabVC.m in Sources */,
				E77D417719844A820099C789 /* JFAppDelegate.m in Sources */,
				E77D417D19844A820099C789 /* JFViewController.m in Sources */,
				E7E4F6911984CECA00759733 /* JFDanceCompassVC.m in Sources */,
				E77D417319844A820099C789 /* main.m in Sources */,
				E7E4F68B1984C7BD00759733 /* JFDanceMapVC.m in Sources */,
			);
			runOnlyForDeploymentPostprocessing = 0;
		};
		E77D418019844A820099C789 /* Sources */ = {
			isa = PBXSourcesBuildPhase;
			buildActionMask = 2147483647;
			files = (
				E77D419219844A820099C789 /* outsideMotionTests.m in Sources */,
			);
			runOnlyForDeploymentPostprocessing = 0;
		};
/* End PBXSourcesBuildPhase section */

/* Begin PBXTargetDependency section */
		E77D418A19844A820099C789 /* PBXTargetDependency */ = {
			isa = PBXTargetDependency;
			target = E77D416219844A820099C789 /* outsideMotion */;
			targetProxy = E77D418919844A820099C789 /* PBXContainerItemProxy */;
		};
/* End PBXTargetDependency section */

/* Begin PBXVariantGroup section */
		E77D416F19844A820099C789 /* InfoPlist.strings */ = {
			isa = PBXVariantGroup;
			children = (
				E77D417019844A820099C789 /* en */,
			);
			name = InfoPlist.strings;
			sourceTree = "<group>";
		};
		E77D417819844A820099C789 /* Main.storyboard */ = {
			isa = PBXVariantGroup;
			children = (
				E77D417919844A820099C789 /* Base */,
			);
			name = Main.storyboard;
			sourceTree = "<group>";
		};
		E77D418E19844A820099C789 /* InfoPlist.strings */ = {
			isa = PBXVariantGroup;
			children = (
				E77D418F19844A820099C789 /* en */,
			);
			name = InfoPlist.strings;
			sourceTree = "<group>";
		};
/* End PBXVariantGroup section */

/* Begin XCBuildConfiguration section */
		E77D419319844A820099C789 /* Debug */ = {
			isa = XCBuildConfiguration;
			buildSettings = {
				ALWAYS_SEARCH_USER_PATHS = NO;
				CLANG_CXX_LANGUAGE_STANDARD = "gnu++0x";
				CLANG_CXX_LIBRARY = "libc++";
				CLANG_ENABLE_MODULES = YES;
				CLANG_ENABLE_OBJC_ARC = YES;
				CLANG_WARN_BOOL_CONVERSION = YES;
				CLANG_WARN_CONSTANT_CONVERSION = YES;
				CLANG_WARN_DIRECT_OBJC_ISA_USAGE = YES_ERROR;
				CLANG_WARN_EMPTY_BODY = YES;
				CLANG_WARN_ENUM_CONVERSION = YES;
				CLANG_WARN_INT_CONVERSION = YES;
				CLANG_WARN_OBJC_ROOT_CLASS = YES_ERROR;
				CLANG_WARN__DUPLICATE_METHOD_MATCH = YES;
				"CODE_SIGN_IDENTITY[sdk=iphoneos*]" = "iPhone Developer";
				COPY_PHASE_STRIP = NO;
				GCC_C_LANGUAGE_STANDARD = gnu99;
				GCC_DYNAMIC_NO_PIC = NO;
				GCC_OPTIMIZATION_LEVEL = 0;
				GCC_PREPROCESSOR_DEFINITIONS = (
					"DEBUG=1",
					"$(inherited)",
				);
				GCC_SYMBOLS_PRIVATE_EXTERN = NO;
				GCC_WARN_64_TO_32_BIT_CONVERSION = YES;
				GCC_WARN_ABOUT_RETURN_TYPE = YES_ERROR;
				GCC_WARN_UNDECLARED_SELECTOR = YES;
				GCC_WARN_UNINITIALIZED_AUTOS = YES_AGGRESSIVE;
				GCC_WARN_UNUSED_FUNCTION = YES;
				GCC_WARN_UNUSED_VARIABLE = YES;
				IPHONEOS_DEPLOYMENT_TARGET = 7.1;
				ONLY_ACTIVE_ARCH = YES;
				SDKROOT = iphoneos;
			};
			name = Debug;
		};
		E77D419419844A820099C789 /* Release */ = {
			isa = XCBuildConfiguration;
			buildSettings = {
				ALWAYS_SEARCH_USER_PATHS = NO;
				CLANG_CXX_LANGUAGE_STANDARD = "gnu++0x";
				CLANG_CXX_LIBRARY = "libc++";
				CLANG_ENABLE_MODULES = YES;
				CLANG_ENABLE_OBJC_ARC = YES;
				CLANG_WARN_BOOL_CONVERSION = YES;
				CLANG_WARN_CONSTANT_CONVERSION = YES;
				CLANG_WARN_DIRECT_OBJC_ISA_USAGE = YES_ERROR;
				CLANG_WARN_EMPTY_BODY = YES;
				CLANG_WARN_ENUM_CONVERSION = YES;
				CLANG_WARN_INT_CONVERSION = YES;
				CLANG_WARN_OBJC_ROOT_CLASS = YES_ERROR;
				CLANG_WARN__DUPLICATE_METHOD_MATCH = YES;
				"CODE_SIGN_IDENTITY[sdk=iphoneos*]" = "iPhone Developer";
				COPY_PHASE_STRIP = YES;
				ENABLE_NS_ASSERTIONS = NO;
				GCC_C_LANGUAGE_STANDARD = gnu99;
				GCC_WARN_64_TO_32_BIT_CONVERSION = YES;
				GCC_WARN_ABOUT_RETURN_TYPE = YES_ERROR;
				GCC_WARN_UNDECLARED_SELECTOR = YES;
				GCC_WARN_UNINITIALIZED_AUTOS = YES_AGGRESSIVE;
				GCC_WARN_UNUSED_FUNCTION = YES;
				GCC_WARN_UNUSED_VARIABLE = YES;
				IPHONEOS_DEPLOYMENT_TARGET = 7.1;
				SDKROOT = iphoneos;
				VALIDATE_PRODUCT = YES;
			};
			name = Release;
		};
		E77D419619844A820099C789 /* Debug */ = {
			isa = XCBuildConfiguration;
			buildSettings = {
				ASSETCATALOG_COMPILER_APPICON_NAME = AppIcon;
				ASSETCATALOG_COMPILER_LAUNCHIMAGE_NAME = LaunchImage;
				GCC_PRECOMPILE_PREFIX_HEADER = YES;
				GCC_PREFIX_HEADER = "outsideMotion/outsideMotion-Prefix.pch";
				INFOPLIST_FILE = "outsideMotion/outsideMotion-Info.plist";
				IPHONEOS_DEPLOYMENT_TARGET = 7.0;
				PRODUCT_NAME = "$(TARGET_NAME)";
				WRAPPER_EXTENSION = app;
			};
			name = Debug;
		};
		E77D419719844A820099C789 /* Release */ = {
			isa = XCBuildConfiguration;
			buildSettings = {
				ASSETCATALOG_COMPILER_APPICON_NAME = AppIcon;
				ASSETCATALOG_COMPILER_LAUNCHIMAGE_NAME = LaunchImage;
				GCC_PRECOMPILE_PREFIX_HEADER = YES;
				GCC_PREFIX_HEADER = "outsideMotion/outsideMotion-Prefix.pch";
				INFOPLIST_FILE = "outsideMotion/outsideMotion-Info.plist";
				IPHONEOS_DEPLOYMENT_TARGET = 7.0;
				PRODUCT_NAME = "$(TARGET_NAME)";
				WRAPPER_EXTENSION = app;
			};
			name = Release;
		};
		E77D419919844A820099C789 /* Debug */ = {
			isa = XCBuildConfiguration;
			buildSettings = {
				BUNDLE_LOADER = "$(BUILT_PRODUCTS_DIR)/outsideMotion.app/outsideMotion";
				FRAMEWORK_SEARCH_PATHS = (
					"$(SDKROOT)/Developer/Library/Frameworks",
					"$(inherited)",
					"$(DEVELOPER_FRAMEWORKS_DIR)",
				);
				GCC_PRECOMPILE_PREFIX_HEADER = YES;
				GCC_PREFIX_HEADER = "outsideMotion/outsideMotion-Prefix.pch";
				GCC_PREPROCESSOR_DEFINITIONS = (
					"DEBUG=1",
					"$(inherited)",
				);
				INFOPLIST_FILE = "outsideMotionTests/outsideMotionTests-Info.plist";
				PRODUCT_NAME = "$(TARGET_NAME)";
				TEST_HOST = "$(BUNDLE_LOADER)";
				WRAPPER_EXTENSION = xctest;
			};
			name = Debug;
		};
		E77D419A19844A820099C789 /* Release */ = {
			isa = XCBuildConfiguration;
			buildSettings = {
				BUNDLE_LOADER = "$(BUILT_PRODUCTS_DIR)/outsideMotion.app/outsideMotion";
				FRAMEWORK_SEARCH_PATHS = (
					"$(SDKROOT)/Developer/Library/Frameworks",
					"$(inherited)",
					"$(DEVELOPER_FRAMEWORKS_DIR)",
				);
				GCC_PRECOMPILE_PREFIX_HEADER = YES;
				GCC_PREFIX_HEADER = "outsideMotion/outsideMotion-Prefix.pch";
				INFOPLIST_FILE = "outsideMotionTests/outsideMotionTests-Info.plist";
				PRODUCT_NAME = "$(TARGET_NAME)";
				TEST_HOST = "$(BUNDLE_LOADER)";
				WRAPPER_EXTENSION = xctest;
			};
			name = Release;
		};
/* End XCBuildConfiguration section */

/* Begin XCConfigurationList section */
		E77D415E19844A820099C789 /* Build configuration list for PBXProject "outsideMotion" */ = {
			isa = XCConfigurationList;
			buildConfigurations = (
				E77D419319844A820099C789 /* Debug */,
				E77D419419844A820099C789 /* Release */,
			);
			defaultConfigurationIsVisible = 0;
			defaultConfigurationName = Release;
		};
		E77D419519844A820099C789 /* Build configuration list for PBXNativeTarget "outsideMotion" */ = {
			isa = XCConfigurationList;
			buildConfigurations = (
				E77D419619844A820099C789 /* Debug */,
				E77D419719844A820099C789 /* Release */,
			);
			defaultConfigurationIsVisible = 0;
			defaultConfigurationName = Release;
		};
		E77D419819844A820099C789 /* Build configuration list for PBXNativeTarget "outsideMotionTests" */ = {
			isa = XCConfigurationList;
			buildConfigurations = (
				E77D419919844A820099C789 /* Debug */,
				E77D419A19844A820099C789 /* Release */,
			);
			defaultConfigurationIsVisible = 0;
			defaultConfigurationName = Release;
		};
/* End XCConfigurationList section */
	};
	rootObject = E77D415B19844A820099C789 /* Project object */;
}
